
Microsoft Visual Studio Solution File, Format Version 12.00
# Visual Studio 14
VisualStudioVersion = 14.0.25420.1
MinimumVisualStudioVersion = 10.0.40219.1
Project("{FAE04EC0-301F-11D3-BF4B-00C04F79EFBC}") = "Lingoine", "Lingoine\Lingoine.csproj", "{378218F6-02C4-4D0A-9642-E810C6B8A470}"
EndProject
Global
	GlobalSection(SolutionConfigurationPlatforms) = preSolution
		Debug|ARM = Debug|ARM
		Debug|x64 = Debug|x64
		Debug|x86 = Debug|x86
		Release|ARM = Release|ARM
		Release|x64 = Release|x64
		Release|x86 = Release|x86
	EndGlobalSection
	GlobalSection(ProjectConfigurationPlatforms) = postSolution
		{378218F6-02C4-4D0A-9642-E810C6B8A470}.Debug|ARM.ActiveCfg = Debug|ARM
		{378218F6-02C4-4D0A-9642-E810C6B8A470}.Debug|ARM.Build.0 = Debug|ARM
		{378218F6-02C4-4D0A-9642-E810C6B8A470}.Debug|ARM.Deploy.0 = Debug|ARM
		{378218F6-02C4-4D0A-9642-E810C6B8A470}.Debug|x64.ActiveCfg = Debug|x64
		{378218F6-02C4-4D0A-9642-E810C6B8A470}.Debug|x64.Build.0 = Debug|x64
		{378218F6-02C4-4D0A-9642-E810C6B8A470}.Debug|x64.Deploy.0 = Debug|x64
		{378218F6-02C4-4D0A-9642-E810C6B8A470}.Debug|x86.ActiveCfg = Debug|x86
		{378218F6-02C4-4D0A-9642-E810C6B8A470}.Debug|x86.Build.0 = Debug|x86
		{378218F6-02C4-4D0A-9642-E810C6B8A470}.Debug|x86.Deploy.0 = Debug|x86
		{378218F6-02C4-4D0A-9642-E810C6B8A470}.Release|ARM.ActiveCfg = Release|ARM
		{378218F6-02C4-4D0A-9642-E810C6B8A470}.Release|ARM.Build.0 = Release|ARM
		{378218F6-02C4-4D0A-9642-E810C6B8A470}.Release|ARM.Deploy.0 = Release|ARM
		{378218F6-02C4-4D0A-9642-E810C6B8A470}.Release|x64.ActiveCfg = Release|x64
		{378218F6-02C4-4D0A-9642-E810C6B8A470}.Release|x64.Build.0 = Release|x64
		{378218F6-02C4-4D0A-9642-E810C6B8A470}.Release|x64.Deploy.0 = Release|x64
		{378218F6-02C4-4D0A-9642-E810C6B8A470}.Release|x86.ActiveCfg = Release|x86
		{378218F6-02C4-4D0A-9642-E810C6B8A470}.Release|x86.Build.0 = Release|x86
		{378218F6-02C4-4D0A-9642-E810C6B8A470}.Release|x86.Deploy.0 = Release|x86
	EndGlobalSection
	GlobalSection(SolutionProperties) = preSolution
		HideSolutionNode = FALSE
	EndGlobalSection
EndGlobal
